// !$*UTF8*$!
{
	archiveVersion = 1;
	classes = {
	};
	objectVersion = 50;
	objects = {

/* Begin PBXBuildFile section */
		8419A8982242C3C0005C9FA1 /* ListCell.swift in Sources */ = {isa = PBXBuildFile; fileRef = 8419A8972242C3C0005C9FA1 /* ListCell.swift */; };
		8419A89A2242D8EB005C9FA1 /* Day.storyboard in Resources */ = {isa = PBXBuildFile; fileRef = 8419A8992242D8EB005C9FA1 /* Day.storyboard */; };
		8419A89C2242DB47005C9FA1 /* DaysVC.swift in Sources */ = {isa = PBXBuildFile; fileRef = 8419A89B2242DB47005C9FA1 /* DaysVC.swift */; };
		8427C77C223C2C4900EAAD79 /* AppDelegate.swift in Sources */ = {isa = PBXBuildFile; fileRef = 8427C77B223C2C4900EAAD79 /* AppDelegate.swift */; };
		8427C77E223C2C4900EAAD79 /* MainVC.swift in Sources */ = {isa = PBXBuildFile; fileRef = 8427C77D223C2C4900EAAD79 /* MainVC.swift */; };
		8427C781223C2C4900EAAD79 /* Main.storyboard in Resources */ = {isa = PBXBuildFile; fileRef = 8427C77F223C2C4900EAAD79 /* Main.storyboard */; };
		8427C783223C2C4F00EAAD79 /* Assets.xcassets in Resources */ = {isa = PBXBuildFile; fileRef = 8427C782223C2C4F00EAAD79 /* Assets.xcassets */; };
		8427C786223C2C4F00EAAD79 /* LaunchScreen.storyboard in Resources */ = {isa = PBXBuildFile; fileRef = 8427C784223C2C4F00EAAD79 /* LaunchScreen.storyboard */; };
		8427C791223C2C5000EAAD79 /* MuWeatherTests.swift in Sources */ = {isa = PBXBuildFile; fileRef = 8427C790223C2C5000EAAD79 /* MuWeatherTests.swift */; };
		8427C79C223C2C5000EAAD79 /* MuWeatherUITests.swift in Sources */ = {isa = PBXBuildFile; fileRef = 8427C79B223C2C5000EAAD79 /* MuWeatherUITests.swift */; };
		8427C7B2223C3B0600EAAD79 /* WeatherService.swift in Sources */ = {isa = PBXBuildFile; fileRef = 8427C7B1223C3B0600EAAD79 /* WeatherService.swift */; };
		8427C7B4223C41E200EAAD79 /* Constants.swift in Sources */ = {isa = PBXBuildFile; fileRef = 8427C7B3223C41E200EAAD79 /* Constants.swift */; };
		8427C7B6223C4F8000EAAD79 /* Weather.swift in Sources */ = {isa = PBXBuildFile; fileRef = 8427C7B5223C4F8000EAAD79 /* Weather.swift */; };
		8427C7B8223D654A00EAAD79 /* Number.swift in Sources */ = {isa = PBXBuildFile; fileRef = 8427C7B7223D654A00EAAD79 /* Number.swift */; };
		8427C7BA223D76D300EAAD79 /* Location.swift in Sources */ = {isa = PBXBuildFile; fileRef = 8427C7B9223D76D300EAAD79 /* Location.swift */; };
		848F7A19223D7D41000D68EE /* RealmConfig.swift in Sources */ = {isa = PBXBuildFile; fileRef = 848F7A18223D7D41000D68EE /* RealmConfig.swift */; };
		D202D29C973704A2D05D812B /* Pods_MuWeather.framework in Frameworks */ = {isa = PBXBuildFile; fileRef = 1C9D9DEDB88444AEEE595CCC /* Pods_MuWeather.framework */; };
/* End PBXBuildFile section */

/* Begin PBXContainerItemProxy section */
		8427C78D223C2C5000EAAD79 /* PBXContainerItemProxy */ = {
			isa = PBXContainerItemProxy;
			containerPortal = 8427C770223C2C4900EAAD79 /* Project object */;
			proxyType = 1;
			remoteGlobalIDString = 8427C777223C2C4900EAAD79;
			remoteInfo = MuWeather;
		};
		8427C798223C2C5000EAAD79 /* PBXContainerItemProxy */ = {
			isa = PBXContainerItemProxy;
			containerPortal = 8427C770223C2C4900EAAD79 /* Project object */;
			proxyType = 1;
			remoteGlobalIDString = 8427C777223C2C4900EAAD79;
			remoteInfo = MuWeather;
		};
/* End PBXContainerItemProxy section */

/* Begin PBXFileReference section */
		0822538F0A53034CF7601257 /* Pods-MuWeather.release.xcconfig */ = {isa = PBXFileReference; includeInIndex = 1; lastKnownFileType = text.xcconfig; name = "Pods-MuWeather.release.xcconfig"; path = "Target Support Files/Pods-MuWeather/Pods-MuWeather.release.xcconfig"; sourceTree = "<group>"; };
		19EAF7A31A48447020616093 /* Pods-MuWeather.debug.xcconfig */ = {isa = PBXFileReference; includeInIndex = 1; lastKnownFileType = text.xcconfig; name = "Pods-MuWeather.debug.xcconfig"; path = "Target Support Files/Pods-MuWeather/Pods-MuWeather.debug.xcconfig"; sourceTree = "<group>"; };
		1C9D9DEDB88444AEEE595CCC /* Pods_MuWeather.framework */ = {isa = PBXFileReference; explicitFileType = wrapper.framework; includeInIndex = 0; path = Pods_MuWeather.framework; sourceTree = BUILT_PRODUCTS_DIR; };
		8419A8972242C3C0005C9FA1 /* ListCell.swift */ = {isa = PBXFileReference; lastKnownFileType = sourcecode.swift; path = ListCell.swift; sourceTree = "<group>"; };
		8419A8992242D8EB005C9FA1 /* Day.storyboard */ = {isa = PBXFileReference; lastKnownFileType = file.storyboard; path = Day.storyboard; sourceTree = "<group>"; };
		8419A89B2242DB47005C9FA1 /* DaysVC.swift */ = {isa = PBXFileReference; lastKnownFileType = sourcecode.swift; path = DaysVC.swift; sourceTree = "<group>"; };
		8427C778223C2C4900EAAD79 /* MuWeather.app */ = {isa = PBXFileReference; explicitFileType = wrapper.application; includeInIndex = 0; path = MuWeather.app; sourceTree = BUILT_PRODUCTS_DIR; };
		8427C77B223C2C4900EAAD79 /* AppDelegate.swift */ = {isa = PBXFileReference; lastKnownFileType = sourcecode.swift; path = AppDelegate.swift; sourceTree = "<group>"; };
		8427C77D223C2C4900EAAD79 /* MainVC.swift */ = {isa = PBXFileReference; lastKnownFileType = sourcecode.swift; path = MainVC.swift; sourceTree = "<group>"; };
		8427C780223C2C4900EAAD79 /* Base */ = {isa = PBXFileReference; lastKnownFileType = file.storyboard; name = Base; path = Base.lproj/Main.storyboard; sourceTree = "<group>"; };
		8427C782223C2C4F00EAAD79 /* Assets.xcassets */ = {isa = PBXFileReference; lastKnownFileType = folder.assetcatalog; path = Assets.xcassets; sourceTree = "<group>"; };
		8427C785223C2C4F00EAAD79 /* Base */ = {isa = PBXFileReference; lastKnownFileType = file.storyboard; name = Base; path = Base.lproj/LaunchScreen.storyboard; sourceTree = "<group>"; };
		8427C787223C2C4F00EAAD79 /* Info.plist */ = {isa = PBXFileReference; lastKnownFileType = text.plist.xml; path = Info.plist; sourceTree = "<group>"; };
		8427C78C223C2C5000EAAD79 /* MuWeatherTests.xctest */ = {isa = PBXFileReference; explicitFileType = wrapper.cfbundle; includeInIndex = 0; path = MuWeatherTests.xctest; sourceTree = BUILT_PRODUCTS_DIR; };
		8427C790223C2C5000EAAD79 /* MuWeatherTests.swift */ = {isa = PBXFileReference; lastKnownFileType = sourcecode.swift; path = MuWeatherTests.swift; sourceTree = "<group>"; };
		8427C792223C2C5000EAAD79 /* Info.plist */ = {isa = PBXFileReference; lastKnownFileType = text.plist.xml; path = Info.plist; sourceTree = "<group>"; };
		8427C797223C2C5000EAAD79 /* MuWeatherUITests.xctest */ = {isa = PBXFileReference; explicitFileType = wrapper.cfbundle; includeInIndex = 0; path = MuWeatherUITests.xctest; sourceTree = BUILT_PRODUCTS_DIR; };
		8427C79B223C2C5000EAAD79 /* MuWeatherUITests.swift */ = {isa = PBXFileReference; lastKnownFileType = sourcecode.swift; path = MuWeatherUITests.swift; sourceTree = "<group>"; };
		8427C79D223C2C5000EAAD79 /* Info.plist */ = {isa = PBXFileReference; lastKnownFileType = text.plist.xml; path = Info.plist; sourceTree = "<group>"; };
		8427C7B1223C3B0600EAAD79 /* WeatherService.swift */ = {isa = PBXFileReference; lastKnownFileType = sourcecode.swift; path = WeatherService.swift; sourceTree = "<group>"; };
		8427C7B3223C41E200EAAD79 /* Constants.swift */ = {isa = PBXFileReference; lastKnownFileType = sourcecode.swift; path = Constants.swift; sourceTree = "<group>"; };
		8427C7B5223C4F8000EAAD79 /* Weather.swift */ = {isa = PBXFileReference; lastKnownFileType = sourcecode.swift; path = Weather.swift; sourceTree = "<group>"; };
		8427C7B7223D654A00EAAD79 /* Number.swift */ = {isa = PBXFileReference; lastKnownFileType = sourcecode.swift; path = Number.swift; sourceTree = "<group>"; };
		8427C7B9223D76D300EAAD79 /* Location.swift */ = {isa = PBXFileReference; lastKnownFileType = sourcecode.swift; path = Location.swift; sourceTree = "<group>"; };
		848F7A18223D7D41000D68EE /* RealmConfig.swift */ = {isa = PBXFileReference; lastKnownFileType = sourcecode.swift; path = RealmConfig.swift; sourceTree = "<group>"; };
/* End PBXFileReference section */

/* Begin PBXFrameworksBuildPhase section */
		8427C775223C2C4900EAAD79 /* Frameworks */ = {
			isa = PBXFrameworksBuildPhase;
			buildActionMask = 2147483647;
			files = (
				D202D29C973704A2D05D812B /* Pods_MuWeather.framework in Frameworks */,
			);
			runOnlyForDeploymentPostprocessing = 0;
		};
		8427C789223C2C5000EAAD79 /* Frameworks */ = {
			isa = PBXFrameworksBuildPhase;
			buildActionMask = 2147483647;
			files = (
			);
			runOnlyForDeploymentPostprocessing = 0;
		};
		8427C794223C2C5000EAAD79 /* Frameworks */ = {
			isa = PBXFrameworksBuildPhase;
			buildActionMask = 2147483647;
			files = (
			);
			runOnlyForDeploymentPostprocessing = 0;
		};
/* End PBXFrameworksBuildPhase section */

/* Begin PBXGroup section */
		50DE48F05F8F81DE50671AE5 /* Frameworks */ = {
			isa = PBXGroup;
			children = (
				1C9D9DEDB88444AEEE595CCC /* Pods_MuWeather.framework */,
			);
			name = Frameworks;
			sourceTree = "<group>";
		};
		8419A8962242C3A4005C9FA1 /* Cell */ = {
			isa = PBXGroup;
			children = (
				8419A8972242C3C0005C9FA1 /* ListCell.swift */,
			);
			path = Cell;
			sourceTree = "<group>";
		};
		8427C76F223C2C4900EAAD79 = {
			isa = PBXGroup;
			children = (
				8427C77A223C2C4900EAAD79 /* MuWeather */,
				8427C78F223C2C5000EAAD79 /* MuWeatherTests */,
				8427C79A223C2C5000EAAD79 /* MuWeatherUITests */,
				8427C779223C2C4900EAAD79 /* Products */,
				9E42A65BC431F5C2A0E7249D /* Pods */,
				50DE48F05F8F81DE50671AE5 /* Frameworks */,
			);
			sourceTree = "<group>";
		};
		8427C779223C2C4900EAAD79 /* Products */ = {
			isa = PBXGroup;
			children = (
				8427C778223C2C4900EAAD79 /* MuWeather.app */,
				8427C78C223C2C5000EAAD79 /* MuWeatherTests.xctest */,
				8427C797223C2C5000EAAD79 /* MuWeatherUITests.xctest */,
			);
			name = Products;
			sourceTree = "<group>";
		};
		8427C77A223C2C4900EAAD79 /* MuWeather */ = {
			isa = PBXGroup;
			children = (
				8427C7AE223C39D700EAAD79 /* Model */,
				8427C7AD223C39D400EAAD79 /* View */,
				8427C7AC223C39D200EAAD79 /* Controller */,
				8427C7B0223C3ADE00EAAD79 /* Network */,
				8427C7AB223C39CF00EAAD79 /* Extension */,
				8427C7AA223C39CD00EAAD79 /* Util */,
				8427C7A9223C39C500EAAD79 /* Resource */,
				8427C787223C2C4F00EAAD79 /* Info.plist */,
			);
			path = MuWeather;
			sourceTree = "<group>";
		};
		8427C78F223C2C5000EAAD79 /* MuWeatherTests */ = {
			isa = PBXGroup;
			children = (
				8427C790223C2C5000EAAD79 /* MuWeatherTests.swift */,
				8427C792223C2C5000EAAD79 /* Info.plist */,
			);
			path = MuWeatherTests;
			sourceTree = "<group>";
		};
		8427C79A223C2C5000EAAD79 /* MuWeatherUITests */ = {
			isa = PBXGroup;
			children = (
				8427C79B223C2C5000EAAD79 /* MuWeatherUITests.swift */,
				8427C79D223C2C5000EAAD79 /* Info.plist */,
			);
			path = MuWeatherUITests;
			sourceTree = "<group>";
		};
		8427C7A9223C39C500EAAD79 /* Resource */ = {
			isa = PBXGroup;
			children = (
				8427C782223C2C4F00EAAD79 /* Assets.xcassets */,
				8427C7AF223C39F500EAAD79 /* Storyboard */,
			);
			path = Resource;
			sourceTree = "<group>";
		};
		8427C7AA223C39CD00EAAD79 /* Util */ = {
			isa = PBXGroup;
			children = (
				8427C77B223C2C4900EAAD79 /* AppDelegate.swift */,
				8427C7B3223C41E200EAAD79 /* Constants.swift */,
				848F7A18223D7D41000D68EE /* RealmConfig.swift */,
			);
			path = Util;
			sourceTree = "<group>";
		};
		8427C7AB223C39CF00EAAD79 /* Extension */ = {
			isa = PBXGroup;
			children = (
				8427C7B7223D654A00EAAD79 /* Number.swift */,
			);
			path = Extension;
			sourceTree = "<group>";
		};
		8427C7AC223C39D200EAAD79 /* Controller */ = {
			isa = PBXGroup;
			children = (
				8427C77D223C2C4900EAAD79 /* MainVC.swift */,
				8419A89B2242DB47005C9FA1 /* DaysVC.swift */,
			);
			path = Controller;
			sourceTree = "<group>";
		};
		8427C7AD223C39D400EAAD79 /* View */ = {
			isa = PBXGroup;
			children = (
				8419A8962242C3A4005C9FA1 /* Cell */,
			);
			path = View;
			sourceTree = "<group>";
		};
		8427C7AE223C39D700EAAD79 /* Model */ = {
			isa = PBXGroup;
			children = (
				8427C7B5223C4F8000EAAD79 /* Weather.swift */,
				8427C7B9223D76D300EAAD79 /* Location.swift */,
			);
			path = Model;
			sourceTree = "<group>";
		};
		8427C7AF223C39F500EAAD79 /* Storyboard */ = {
			isa = PBXGroup;
			children = (
				8427C77F223C2C4900EAAD79 /* Main.storyboard */,
				8427C784223C2C4F00EAAD79 /* LaunchScreen.storyboard */,
				8419A8992242D8EB005C9FA1 /* Day.storyboard */,
			);
			path = Storyboard;
			sourceTree = "<group>";
		};
		8427C7B0223C3ADE00EAAD79 /* Network */ = {
			isa = PBXGroup;
			children = (
				8427C7B1223C3B0600EAAD79 /* WeatherService.swift */,
			);
			path = Network;
			sourceTree = "<group>";
		};
		9E42A65BC431F5C2A0E7249D /* Pods */ = {
			isa = PBXGroup;
			children = (
				19EAF7A31A48447020616093 /* Pods-MuWeather.debug.xcconfig */,
				0822538F0A53034CF7601257 /* Pods-MuWeather.release.xcconfig */,
			);
			path = Pods;
			sourceTree = "<group>";
		};
/* End PBXGroup section */

/* Begin PBXNativeTarget section */
		8427C777223C2C4900EAAD79 /* MuWeather */ = {
			isa = PBXNativeTarget;
			buildConfigurationList = 8427C7A0223C2C5000EAAD79 /* Build configuration list for PBXNativeTarget "MuWeather" */;
			buildPhases = (
				A521E45F8C795F7366537F9E /* [CP] Check Pods Manifest.lock */,
				8427C774223C2C4900EAAD79 /* Sources */,
				8427C775223C2C4900EAAD79 /* Frameworks */,
				8427C776223C2C4900EAAD79 /* Resources */,
				A0268EE738EE755B2DC2B7B9 /* [CP] Embed Pods Frameworks */,
			);
			buildRules = (
			);
			dependencies = (
			);
			name = MuWeather;
			productName = MuWeather;
			productReference = 8427C778223C2C4900EAAD79 /* MuWeather.app */;
			productType = "com.apple.product-type.application";
		};
		8427C78B223C2C5000EAAD79 /* MuWeatherTests */ = {
			isa = PBXNativeTarget;
			buildConfigurationList = 8427C7A3223C2C5000EAAD79 /* Build configuration list for PBXNativeTarget "MuWeatherTests" */;
			buildPhases = (
				8427C788223C2C5000EAAD79 /* Sources */,
				8427C789223C2C5000EAAD79 /* Frameworks */,
				8427C78A223C2C5000EAAD79 /* Resources */,
			);
			buildRules = (
			);
			dependencies = (
				8427C78E223C2C5000EAAD79 /* PBXTargetDependency */,
			);
			name = MuWeatherTests;
			productName = MuWeatherTests;
			productReference = 8427C78C223C2C5000EAAD79 /* MuWeatherTests.xctest */;
			productType = "com.apple.product-type.bundle.unit-test";
		};
		8427C796223C2C5000EAAD79 /* MuWeatherUITests */ = {
			isa = PBXNativeTarget;
			buildConfigurationList = 8427C7A6223C2C5000EAAD79 /* Build configuration list for PBXNativeTarget "MuWeatherUITests" */;
			buildPhases = (
				8427C793223C2C5000EAAD79 /* Sources */,
				8427C794223C2C5000EAAD79 /* Frameworks */,
				8427C795223C2C5000EAAD79 /* Resources */,
			);
			buildRules = (
			);
			dependencies = (
				8427C799223C2C5000EAAD79 /* PBXTargetDependency */,
			);
			name = MuWeatherUITests;
			productName = MuWeatherUITests;
			productReference = 8427C797223C2C5000EAAD79 /* MuWeatherUITests.xctest */;
			productType = "com.apple.product-type.bundle.ui-testing";
		};
/* End PBXNativeTarget section */

/* Begin PBXProject section */
		8427C770223C2C4900EAAD79 /* Project object */ = {
			isa = PBXProject;
			attributes = {
				LastSwiftUpdateCheck = 1010;
				LastUpgradeCheck = 1010;
				ORGANIZATIONNAME = furrki;
				TargetAttributes = {
					8427C777223C2C4900EAAD79 = {
						CreatedOnToolsVersion = 10.1;
					};
					8427C78B223C2C5000EAAD79 = {
						CreatedOnToolsVersion = 10.1;
						TestTargetID = 8427C777223C2C4900EAAD79;
					};
					8427C796223C2C5000EAAD79 = {
						CreatedOnToolsVersion = 10.1;
						TestTargetID = 8427C777223C2C4900EAAD79;
					};
				};
			};
			buildConfigurationList = 8427C773223C2C4900EAAD79 /* Build configuration list for PBXProject "MuWeather" */;
			compatibilityVersion = "Xcode 9.3";
			developmentRegion = en;
			hasScannedForEncodings = 0;
			knownRegions = (
				en,
				Base,
			);
			mainGroup = 8427C76F223C2C4900EAAD79;
			productRefGroup = 8427C779223C2C4900EAAD79 /* Products */;
			projectDirPath = "";
			projectRoot = "";
			targets = (
				8427C777223C2C4900EAAD79 /* MuWeather */,
				8427C78B223C2C5000EAAD79 /* MuWeatherTests */,
				8427C796223C2C5000EAAD79 /* MuWeatherUITests */,
			);
		};
/* End PBXProject section */

/* Begin PBXResourcesBuildPhase section */
		8427C776223C2C4900EAAD79 /* Resources */ = {
			isa = PBXResourcesBuildPhase;
			buildActionMask = 2147483647;
			files = (
				8427C786223C2C4F00EAAD79 /* LaunchScreen.storyboard in Resources */,
				8427C783223C2C4F00EAAD79 /* Assets.xcassets in Resources */,
				8427C781223C2C4900EAAD79 /* Main.storyboard in Resources */,
				8419A89A2242D8EB005C9FA1 /* Day.storyboard in Resources */,
			);
			runOnlyForDeploymentPostprocessing = 0;
		};
		8427C78A223C2C5000EAAD79 /* Resources */ = {
			isa = PBXResourcesBuildPhase;
			buildActionMask = 2147483647;
			files = (
			);
			runOnlyForDeploymentPostprocessing = 0;
		};
		8427C795223C2C5000EAAD79 /* Resources */ = {
			isa = PBXResourcesBuildPhase;
			buildActionMask = 2147483647;
			files = (
			);
			runOnlyForDeploymentPostprocessing = 0;
		};
/* End PBXResourcesBuildPhase section */

/* Begin PBXShellScriptBuildPhase section */
		A0268EE738EE755B2DC2B7B9 /* [CP] Embed Pods Frameworks */ = {
			isa = PBXShellScriptBuildPhase;
			buildActionMask = 2147483647;
			files = (
			);
			inputFileListPaths = (
			);
			inputPaths = (
				"${PODS_ROOT}/Target Support Files/Pods-MuWeather/Pods-MuWeather-frameworks.sh",
				"${BUILT_PRODUCTS_DIR}/Alamofire/Alamofire.framework",
				"${BUILT_PRODUCTS_DIR}/Realm/Realm.framework",
				"${BUILT_PRODUCTS_DIR}/RealmSwift/RealmSwift.framework",
				"${BUILT_PRODUCTS_DIR}/SwiftyJSON/SwiftyJSON.framework",
			);
			name = "[CP] Embed Pods Frameworks";
			outputFileListPaths = (
			);
			outputPaths = (
				"${TARGET_BUILD_DIR}/${FRAMEWORKS_FOLDER_PATH}/Alamofire.framework",
				"${TARGET_BUILD_DIR}/${FRAMEWORKS_FOLDER_PATH}/Realm.framework",
				"${TARGET_BUILD_DIR}/${FRAMEWORKS_FOLDER_PATH}/RealmSwift.framework",
				"${TARGET_BUILD_DIR}/${FRAMEWORKS_FOLDER_PATH}/SwiftyJSON.framework",
			);
			runOnlyForDeploymentPostprocessing = 0;
			shellPath = /bin/sh;
			shellScript = "\"${PODS_ROOT}/Target Support Files/Pods-MuWeather/Pods-MuWeather-frameworks.sh\"\n";
			showEnvVarsInLog = 0;
		};
		A521E45F8C795F7366537F9E /* [CP] Check Pods Manifest.lock */ = {
			isa = PBXShellScriptBuildPhase;
			buildActionMask = 2147483647;
			files = (
			);
			inputFileListPaths = (
			);
			inputPaths = (
				"${PODS_PODFILE_DIR_PATH}/Podfile.lock",
				"${PODS_ROOT}/Manifest.lock",
			);
			name = "[CP] Check Pods Manifest.lock";
			outputFileListPaths = (
			);
			outputPaths = (
				"$(DERIVED_FILE_DIR)/Pods-MuWeather-checkManifestLockResult.txt",
			);
			runOnlyForDeploymentPostprocessing = 0;
			shellPath = /bin/sh;
			shellScript = "diff \"${PODS_PODFILE_DIR_PATH}/Podfile.lock\" \"${PODS_ROOT}/Manifest.lock\" > /dev/null\nif [ $? != 0 ] ; then\n    # print error to STDERR\n    echo \"error: The sandbox is not in sync with the Podfile.lock. Run 'pod install' or update your CocoaPods installation.\" >&2\n    exit 1\nfi\n# This output is used by Xcode 'outputs' to avoid re-running this script phase.\necho \"SUCCESS\" > \"${SCRIPT_OUTPUT_FILE_0}\"\n";
			showEnvVarsInLog = 0;
		};
/* End PBXShellScriptBuildPhase section */

/* Begin PBXSourcesBuildPhase section */
		8427C774223C2C4900EAAD79 /* Sources */ = {
			isa = PBXSourcesBuildPhase;
			buildActionMask = 2147483647;
			files = (
				8427C77E223C2C4900EAAD79 /* MainVC.swift in Sources */,
				8427C7B2223C3B0600EAAD79 /* WeatherService.swift in Sources */,
				8427C7B8223D654A00EAAD79 /* Number.swift in Sources */,
				848F7A19223D7D41000D68EE /* RealmConfig.swift in Sources */,
				8427C77C223C2C4900EAAD79 /* AppDelegate.swift in Sources */,
				8427C7B4223C41E200EAAD79 /* Constants.swift in Sources */,
				8419A8982242C3C0005C9FA1 /* ListCell.swift in Sources */,
				8419A89C2242DB47005C9FA1 /* DaysVC.swift in Sources */,
				8427C7B6223C4F8000EAAD79 /* Weather.swift in Sources */,
				8427C7BA223D76D300EAAD79 /* Location.swift in Sources */,
			);
			runOnlyForDeploymentPostprocessing = 0;
		};
		8427C788223C2C5000EAAD79 /* Sources */ = {
			isa = PBXSourcesBuildPhase;
			buildActionMask = 2147483647;
			files = (
				8427C791223C2C5000EAAD79 /* MuWeatherTests.swift in Sources */,
			);
			runOnlyForDeploymentPostprocessing = 0;
		};
		8427C793223C2C5000EAAD79 /* Sources */ = {
			isa = PBXSourcesBuildPhase;
			buildActionMask = 2147483647;
			files = (
				8427C79C223C2C5000EAAD79 /* MuWeatherUITests.swift in Sources */,
			);
			runOnlyForDeploymentPostprocessing = 0;
		};
/* End PBXSourcesBuildPhase section */

/* Begin PBXTargetDependency section */
		8427C78E223C2C5000EAAD79 /* PBXTargetDependency */ = {
			isa = PBXTargetDependency;
			target = 8427C777223C2C4900EAAD79 /* MuWeather */;
			targetProxy = 8427C78D223C2C5000EAAD79 /* PBXContainerItemProxy */;
		};
		8427C799223C2C5000EAAD79 /* PBXTargetDependency */ = {
			isa = PBXTargetDependency;
			target = 8427C777223C2C4900EAAD79 /* MuWeather */;
			targetProxy = 8427C798223C2C5000EAAD79 /* PBXContainerItemProxy */;
		};
/* End PBXTargetDependency section */

/* Begin PBXVariantGroup section */
		8427C77F223C2C4900EAAD79 /* Main.storyboard */ = {
			isa = PBXVariantGroup;
			children = (
				8427C780223C2C4900EAAD79 /* Base */,
			);
			name = Main.storyboard;
			sourceTree = "<group>";
		};
		8427C784223C2C4F00EAAD79 /* LaunchScreen.storyboard */ = {
			isa = PBXVariantGroup;
			children = (
				8427C785223C2C4F00EAAD79 /* Base */,
			);
			name = LaunchScreen.storyboard;
			sourceTree = "<group>";
		};
/* End PBXVariantGroup section */

/* Begin XCBuildConfiguration section */
		8427C79E223C2C5000EAAD79 /* Debug */ = {
			isa = XCBuildConfiguration;
			buildSettings = {
				ALWAYS_SEARCH_USER_PATHS = NO;
				CLANG_ANALYZER_NONNULL = YES;
				CLANG_ANALYZER_NUMBER_OBJECT_CONVERSION = YES_AGGRESSIVE;
				CLANG_CXX_LANGUAGE_STANDARD = "gnu++14";
				CLANG_CXX_LIBRARY = "libc++";
				CLANG_ENABLE_MODULES = YES;
				CLANG_ENABLE_OBJC_ARC = YES;
				CLANG_ENABLE_OBJC_WEAK = YES;
				CLANG_WARN_BLOCK_CAPTURE_AUTORELEASING = YES;
				CLANG_WARN_BOOL_CONVERSION = YES;
				CLANG_WARN_COMMA = YES;
				CLANG_WARN_CONSTANT_CONVERSION = YES;
				CLANG_WARN_DEPRECATED_OBJC_IMPLEMENTATIONS = YES;
				CLANG_WARN_DIRECT_OBJC_ISA_USAGE = YES_ERROR;
				CLANG_WARN_DOCUMENTATION_COMMENTS = YES;
				CLANG_WARN_EMPTY_BODY = YES;
				CLANG_WARN_ENUM_CONVERSION = YES;
				CLANG_WARN_INFINITE_RECURSION = YES;
				CLANG_WARN_INT_CONVERSION = YES;
				CLANG_WARN_NON_LITERAL_NULL_CONVERSION = YES;
				CLANG_WARN_OBJC_IMPLICIT_RETAIN_SELF = YES;
				CLANG_WARN_OBJC_LITERAL_CONVERSION = YES;
				CLANG_WARN_OBJC_ROOT_CLASS = YES_ERROR;
				CLANG_WARN_RANGE_LOOP_ANALYSIS = YES;
				CLANG_WARN_STRICT_PROTOTYPES = YES;
				CLANG_WARN_SUSPICIOUS_MOVE = YES;
				CLANG_WARN_UNGUARDED_AVAILABILITY = YES_AGGRESSIVE;
				CLANG_WARN_UNREACHABLE_CODE = YES;
				CLANG_WARN__DUPLICATE_METHOD_MATCH = YES;
				CODE_SIGN_IDENTITY = "iPhone Developer";
				COPY_PHASE_STRIP = NO;
				DEBUG_INFORMATION_FORMAT = dwarf;
				ENABLE_STRICT_OBJC_MSGSEND = YES;
				ENABLE_TESTABILITY = YES;
				GCC_C_LANGUAGE_STANDARD = gnu11;
				GCC_DYNAMIC_NO_PIC = NO;
				GCC_NO_COMMON_BLOCKS = YES;
				GCC_OPTIMIZATION_LEVEL = 0;
				GCC_PREPROCESSOR_DEFINITIONS = (
					"DEBUG=1",
					"$(inherited)",
				);
				GCC_WARN_64_TO_32_BIT_CONVERSION = YES;
				GCC_WARN_ABOUT_RETURN_TYPE = YES_ERROR;
				GCC_WARN_UNDECLARED_SELECTOR = YES;
				GCC_WARN_UNINITIALIZED_AUTOS = YES_AGGRESSIVE;
				GCC_WARN_UNUSED_FUNCTION = YES;
				GCC_WARN_UNUSED_VARIABLE = YES;
				IPHONEOS_DEPLOYMENT_TARGET = 12.1;
				MTL_ENABLE_DEBUG_INFO = INCLUDE_SOURCE;
				MTL_FAST_MATH = YES;
				ONLY_ACTIVE_ARCH = YES;
				SDKROOT = iphoneos;
				SWIFT_ACTIVE_COMPILATION_CONDITIONS = DEBUG;
				SWIFT_OPTIMIZATION_LEVEL = "-Onone";
			};
			name = Debug;
		};
		8427C79F223C2C5000EAAD79 /* Release */ = {
			isa = XCBuildConfiguration;
			buildSettings = {
				ALWAYS_SEARCH_USER_PATHS = NO;
				CLANG_ANALYZER_NONNULL = YES;
				CLANG_ANALYZER_NUMBER_OBJECT_CONVERSION = YES_AGGRESSIVE;
				CLANG_CXX_LANGUAGE_STANDARD = "gnu++14";
				CLANG_CXX_LIBRARY = "libc++";
				CLANG_ENABLE_MODULES = YES;
				CLANG_ENABLE_OBJC_ARC = YES;
				CLANG_ENABLE_OBJC_WEAK = YES;
				CLANG_WARN_BLOCK_CAPTURE_AUTORELEASING = YES;
				CLANG_WARN_BOOL_CONVERSION = YES;
				CLANG_WARN_COMMA = YES;
				CLANG_WARN_CONSTANT_CONVERSION = YES;
				CLANG_WARN_DEPRECATED_OBJC_IMPLEMENTATIONS = YES;
				CLANG_WARN_DIRECT_OBJC_ISA_USAGE = YES_ERROR;
				CLANG_WARN_DOCUMENTATION_COMMENTS = YES;
				CLANG_WARN_EMPTY_BODY = YES;
				CLANG_WARN_ENUM_CONVERSION = YES;
				CLANG_WARN_INFINITE_RECURSION = YES;
				CLANG_WARN_INT_CONVERSION = YES;
				CLANG_WARN_NON_LITERAL_NULL_CONVERSION = YES;
				CLANG_WARN_OBJC_IMPLICIT_RETAIN_SELF = YES;
				CLANG_WARN_OBJC_LITERAL_CONVERSION = YES;
				CLANG_WARN_OBJC_ROOT_CLASS = YES_ERROR;
				CLANG_WARN_RANGE_LOOP_ANALYSIS = YES;
				CLANG_WARN_STRICT_PROTOTYPES = YES;
				CLANG_WARN_SUSPICIOUS_MOVE = YES;
				CLANG_WARN_UNGUARDED_AVAILABILITY = YES_AGGRESSIVE;
				CLANG_WARN_UNREACHABLE_CODE = YES;
				CLANG_WARN__DUPLICATE_METHOD_MATCH = YES;
				CODE_SIGN_IDENTITY = "iPhone Developer";
				COPY_PHASE_STRIP = NO;
				DEBUG_INFORMATION_FORMAT = "dwarf-with-dsym";
				ENABLE_NS_ASSERTIONS = NO;
				ENABLE_STRICT_OBJC_MSGSEND = YES;
				GCC_C_LANGUAGE_STANDARD = gnu11;
				GCC_NO_COMMON_BLOCKS = YES;
				GCC_WARN_64_TO_32_BIT_CONVERSION = YES;
				GCC_WARN_ABOUT_RETURN_TYPE = YES_ERROR;
				GCC_WARN_UNDECLARED_SELECTOR = YES;
				GCC_WARN_UNINITIALIZED_AUTOS = YES_AGGRESSIVE;
				GCC_WARN_UNUSED_FUNCTION = YES;
				GCC_WARN_UNUSED_VARIABLE = YES;
				IPHONEOS_DEPLOYMENT_TARGET = 12.1;
				MTL_ENABLE_DEBUG_INFO = NO;
				MTL_FAST_MATH = YES;
				SDKROOT = iphoneos;
				SWIFT_COMPILATION_MODE = wholemodule;
				SWIFT_OPTIMIZATION_LEVEL = "-O";
				VALIDATE_PRODUCT = YES;
			};
			name = Release;
		};
		8427C7A1223C2C5000EAAD79 /* Debug */ = {
			isa = XCBuildConfiguration;
			baseConfigurationReference = 19EAF7A31A48447020616093 /* Pods-MuWeather.debug.xcconfig */;
			buildSettings = {
				ASSETCATALOG_COMPILER_APPICON_NAME = AppIcon;
				CODE_SIGN_STYLE = Automatic;
				DEVELOPMENT_TEAM = TU6A9VFP8M;
				INFOPLIST_FILE = MuWeather/Info.plist;
				LD_RUNPATH_SEARCH_PATHS = (
					"$(inherited)",
					"@executable_path/Frameworks",
				);
				PRODUCT_BUNDLE_IDENTIFIER = furrki.MuWeather;
				PRODUCT_NAME = "$(TARGET_NAME)";
				SWIFT_VERSION = 4.2;
				TARGETED_DEVICE_FAMILY = "1,2";
			};
			name = Debug;
		};
		8427C7A2223C2C5000EAAD79 /* Release */ = {
			isa = XCBuildConfiguration;
			baseConfigurationReference = 0822538F0A53034CF7601257 /* Pods-MuWeather.release.xcconfig */;
			buildSettings = {
				ASSETCATALOG_COMPILER_APPICON_NAME = AppIcon;
				CODE_SIGN_STYLE = Automatic;
				DEVELOPMENT_TEAM = TU6A9VFP8M;
				INFOPLIST_FILE = MuWeather/Info.plist;
				LD_RUNPATH_SEARCH_PATHS = (
					"$(inherited)",
					"@executable_path/Frameworks",
				);
				PRODUCT_BUNDLE_IDENTIFIER = furrki.MuWeather;
				PRODUCT_NAME = "$(TARGET_NAME)";
				SWIFT_VERSION = 4.2;
				TARGETED_DEVICE_FAMILY = "1,2";
			};
			name = Release;
		};
		8427C7A4223C2C5000EAAD79 /* Debug */ = {
			isa = XCBuildConfiguration;
			buildSettings = {
				ALWAYS_EMBED_SWIFT_STANDARD_LIBRARIES = YES;
				BUNDLE_LOADER = "$(TEST_HOST)";
				CODE_SIGN_STYLE = Automatic;
				INFOPLIST_FILE = MuWeatherTests/Info.plist;
				LD_RUNPATH_SEARCH_PATHS = (
					"$(inherited)",
					"@executable_path/Frameworks",
					"@loader_path/Frameworks",
				);
				PRODUCT_BUNDLE_IDENTIFIER = furrki.MuWeatherTests;
				PRODUCT_NAME = "$(TARGET_NAME)";
				SWIFT_VERSION = 4.2;
				TARGETED_DEVICE_FAMILY = "1,2";
				TEST_HOST = "$(BUILT_PRODUCTS_DIR)/MuWeather.app/MuWeather";
			};
			name = Debug;
		};
		8427C7A5223C2C5000EAAD79 /* Release */ = {
			isa = XCBuildConfiguration;
			buildSettings = {
				ALWAYS_EMBED_SWIFT_STANDARD_LIBRARIES = YES;
				BUNDLE_LOADER = "$(TEST_HOST)";
				CODE_SIGN_STYLE = Automatic;
				INFOPLIST_FILE = MuWeatherTests/Info.plist;
				LD_RUNPATH_SEARCH_PATHS = (
					"$(inherited)",
					"@executable_path/Frameworks",
					"@loader_path/Frameworks",
				);
				PRODUCT_BUNDLE_IDENTIFIER = furrki.MuWeatherTests;
				PRODUCT_NAME = "$(TARGET_NAME)";
				SWIFT_VERSION = 4.2;
				TARGETED_DEVICE_FAMILY = "1,2";
				TEST_HOST = "$(BUILT_PRODUCTS_DIR)/MuWeather.app/MuWeather";
			};
			name = Release;
		};
		8427C7A7223C2C5000EAAD79 /* Debug */ = {
			isa = XCBuildConfiguration;
			buildSettings = {
				ALWAYS_EMBED_SWIFT_STANDARD_LIBRARIES = YES;
				CODE_SIGN_STYLE = Automatic;
				INFOPLIST_FILE = MuWeatherUITests/Info.plist;
				LD_RUNPATH_SEARCH_PATHS = (
					"$(inherited)",
					"@executable_path/Frameworks",
					"@loader_path/Frameworks",
				);
				PRODUCT_BUNDLE_IDENTIFIER = furrki.MuWeatherUITests;
				PRODUCT_NAME = "$(TARGET_NAME)";
				SWIFT_VERSION = 4.2;
				TARGETED_DEVICE_FAMILY = "1,2";
				TEST_TARGET_NAME = MuWeather;
			};
			name = Debug;
		};
		8427C7A8223C2C5000EAAD79 /* Release */ = {
			isa = XCBuildConfiguration;
			buildSettings = {
				ALWAYS_EMBED_SWIFT_STANDARD_LIBRARIES = YES;
				CODE_SIGN_STYLE = Automatic;
				INFOPLIST_FILE = MuWeatherUITests/Info.plist;
				LD_RUNPATH_SEARCH_PATHS = (
					"$(inherited)",
					"@executable_path/Frameworks",
					"@loader_path/Frameworks",
				);
				PRODUCT_BUNDLE_IDENTIFIER = furrki.MuWeatherUITests;
				PRODUCT_NAME = "$(TARGET_NAME)";
				SWIFT_VERSION = 4.2;
				TARGETED_DEVICE_FAMILY = "1,2";
				TEST_TARGET_NAME = MuWeather;
			};
			name = Release;
		};
/* End XCBuildConfiguration section */

/* Begin XCConfigurationList section */
		8427C773223C2C4900EAAD79 /* Build configuration list for PBXProject "MuWeather" */ = {
			isa = XCConfigurationList;
			buildConfigurations = (
				8427C79E223C2C5000EAAD79 /* Debug */,
				8427C79F223C2C5000EAAD79 /* Release */,
			);
			defaultConfigurationIsVisible = 0;
			defaultConfigurationName = Release;
		};
		8427C7A0223C2C5000EAAD79 /* Build configuration list for PBXNativeTarget "MuWeather" */ = {
			isa = XCConfigurationList;
			buildConfigurations = (
				8427C7A1223C2C5000EAAD79 /* Debug */,
				8427C7A2223C2C5000EAAD79 /* Release */,
			);
			defaultConfigurationIsVisible = 0;
			defaultConfigurationName = Release;
		};
		8427C7A3223C2C5000EAAD79 /* Build configuration list for PBXNativeTarget "MuWeatherTests" */ = {
			isa = XCConfigurationList;
			buildConfigurations = (
				8427C7A4223C2C5000EAAD79 /* Debug */,
				8427C7A5223C2C5000EAAD79 /* Release */,
			);
			defaultConfigurationIsVisible = 0;
			defaultConfigurationName = Release;
		};
		8427C7A6223C2C5000EAAD79 /* Build configuration list for PBXNativeTarget "MuWeatherUITests" */ = {
			isa = XCConfigurationList;
			buildConfigurations = (
				8427C7A7223C2C5000EAAD79 /* Debug */,
				8427C7A8223C2C5000EAAD79 /* Release */,
			);
			defaultConfigurationIsVisible = 0;
			defaultConfigurationName = Release;
		};
/* End XCConfigurationList section */
	};
	rootObject = 8427C770223C2C4900EAAD79 /* Project object */;
}
